version = 1
requires-python = ">=3.12"

[[package]]
name = "pyside6"
version = "6.8.0.1"
source = { registry = "https://pypi.org/simple" }
dependencies = [
    { name = "pyside6-addons" },
    { name = "pyside6-essentials" },
    { name = "shiboken6" },
]
wheels = [
    { url = "https://files.pythonhosted.org/packages/cb/2d/09a3215a48680fa76d1d74aea28e006f88fe3be992f4dea556f79e6e0c6e/PySide6-6.8.0.1-cp39-abi3-macosx_12_0_universal2.whl", hash = "sha256:a8f8ce89094e28a384821e5a4ba4ea952f3a02fe97a2b2ce5912eba4876554d0", size = 554058 },
    { url = "https://files.pythonhosted.org/packages/6a/82/44ecc8615d6dd942198628f8da754cc71f306f84e05f4da1bdd7bb8d397e/PySide6-6.8.0.1-cp39-abi3-manylinux_2_28_x86_64.whl", hash = "sha256:1730d80f52cf9fb04c5267e652ddb1b7857fba5302860392fc73bfb9ab81ef8e", size = 554192 },
    { url = "https://files.pythonhosted.org/packages/ae/1b/300346fb5791568943617a11b8a415477cb36c160b18c759d2fd737a4bf4/PySide6-6.8.0.1-cp39-abi3-manylinux_2_31_aarch64.whl", hash = "sha256:6567a4bc1a6bf77c13ea1fbe128ff68379afb31e92795cb501a7e085d8bf744e", size = 554304 },
    { url = "https://files.pythonhosted.org/packages/bd/2f/5ba33be8855c5019c0c400a82079b4ee538a9935b7eb919a38e4b4ab5c13/PySide6-6.8.0.1-cp39-abi3-win_amd64.whl", hash = "sha256:9eb918758b9ca838febceb972db2c651ff652b7e5a893d8e59a38a744579ccc4", size = 560006 },
]

[[package]]
name = "pyside6-addons"
version = "6.8.0.1"
source = { registry = "https://pypi.org/simple" }
dependencies = [
    { name = "pyside6-essentials" },
    { name = "shiboken6" },
]
wheels = [
    { url = "https://files.pythonhosted.org/packages/1b/d3/9010ff80f9f9f5f947706f4dc802a4a77ab2f2d1ac65948c8d18e9730299/PySide6_Addons-6.8.0.1-cp39-abi3-macosx_12_0_universal2.whl", hash = "sha256:db3622c257920e0d20de2f80ade6c064a48ee1e0c9a1cfe1f1d3bc2685c93996", size = 302011435 },
    { url = "https://files.pythonhosted.org/packages/f7/41/a20a730417889b696aff35e338e2218fc03802ba27b77464c0afffd567e9/PySide6_Addons-6.8.0.1-cp39-abi3-manylinux_2_28_x86_64.whl", hash = "sha256:4cf9aebd26d908de4cbd5c7274f432370f8b0dc8dc7b748a6e6ade035fe28f28", size = 143714687 },
    { url = "https://files.pythonhosted.org/packages/2f/4e/5ff008fcf01f689b44880d2504a9d769557de7481747523f0e984c47ab66/PySide6_Addons-6.8.0.1-cp39-abi3-manylinux_2_31_aarch64.whl", hash = "sha256:ed8f73e41b24ae6ea5ebb9dca1d4d6a6ddf06cffda63fa929d5e180ea9ac3cdd", size = 128861587 },
    { url = "https://files.pythonhosted.org/packages/d8/30/8eb11c35d74042d7bca6b764dbf28cc95e1f50f6b72647a6efd122de61ac/PySide6_Addons-6.8.0.1-cp39-abi3-win_amd64.whl", hash = "sha256:066f0b6555f3351263a8d4936da5a95bd1b3e9bc83881f9f477d9146ccd3282f", size = 127835146 },
]

[[package]]
name = "pyside6-essentials"
version = "6.8.0.1"
source = { registry = "https://pypi.org/simple" }
dependencies = [
    { name = "shiboken6" },
]
wheels = [
    { url = "https://files.pythonhosted.org/packages/22/a7/0383a2c4771ca1008c2ee6b9fca76ad00e48053df6626fa17fe478522671/PySide6_Essentials-6.8.0.1-cp39-abi3-macosx_12_0_universal2.whl", hash = "sha256:2ae533a318b563ef7b73b1d7de3254e966423215589329207e45ee9adcb2e83c", size = 164669460 },
    { url = "https://files.pythonhosted.org/packages/31/db/da4db014ed4b3b6d0ff148749d743d6e25692b9a66b9d5fbd10f4ecee6d6/PySide6_Essentials-6.8.0.1-cp39-abi3-manylinux_2_28_x86_64.whl", hash = "sha256:327a0f08cb1ee5af7f7ed81527bbdb3058e2a39a300efcc806e0289b50192f98", size = 95183947 },
    { url = "https://files.pythonhosted.org/packages/7a/9d/ae433a47c1c8d63e1702c4055698e2f439c3e8961dcb0b60db595f424451/PySide6_Essentials-6.8.0.1-cp39-abi3-manylinux_2_31_aarch64.whl", hash = "sha256:6f573331261889992d450145c0f3a9a317e798b63c1318cc271422c0a74b2298", size = 92322388 },
    { url = "https://files.pythonhosted.org/packages/e0/cd/1794fcc63c9f1b4d0349b2a7bb3ee925418054ec2ce92f95e69beb9d8382/PySide6_Essentials-6.8.0.1-cp39-abi3-win_amd64.whl", hash = "sha256:800d26aa51003b41c73e9c4cd4fd6c96fe91fc21f9862c3d459a7e2209f9475f", size = 72518525 },
]

[[package]]
name = "shiboken6"
version = "6.8.0.1"
source = { registry = "https://pypi.org/simple" }
wheels = [
    { url = "https://files.pythonhosted.org/packages/e4/65/1c8a66e448ea1ee4745ba64b6a5604f9f40eeb807020baa181ae218a5d6d/shiboken6-6.8.0.1-cp39-abi3-macosx_12_0_universal2.whl", hash = "sha256:99cbb8d53bd2abcb61717a675bb3c1d7513868298b56cdfcae8aa27ed367577a", size = 392836 },
    { url = "https://files.pythonhosted.org/packages/0f/7f/b81937dc3e414477e64f425a16a417a5d00cf8e2d954eee9264c5f4f14c0/shiboken6-6.8.0.1-cp39-abi3-manylinux_2_28_x86_64.whl", hash = "sha256:77b6e2eae8d48fe32a058e234778c42642eca1755de8b793e2d57857d7d037cf", size = 199992 },
    { url = "https://files.pythonhosted.org/packages/5c/a1/1176683114bb7a1053ba2d3319c9f9f933ab4a132ef100c382fdb5f8ef42/shiboken6-6.8.0.1-cp39-abi3-manylinux_2_31_aarch64.whl", hash = "sha256:eb2db6f0cac42f10dc5b4bcf4ab5a8e079acb870877d0cb3d95cac80c20e4554", size = 189340 },
    { url = "https://files.pythonhosted.org/packages/e0/ac/8c6e0a86ad84b8da61699d9e912850959fdee199cd3626c75759e35b57c4/shiboken6-6.8.0.1-cp39-abi3-win_amd64.whl", hash = "sha256:3f2601c0db8d1e860a2a1265936e616361b073360eb15153806638fbc3b7ff26", size = 1146289 },
]

[[package]]
name = "testqtcustomplot"
version = "0.1.0"
source = { virtual = "." }
dependencies = [
    { name = "pyside6" },
]

[package.metadata]
requires-dist = [{ name = "pyside6", specifier = ">=6.8.0.1" }]
